// !$*UTF8*$!
{
	archiveVersion = 1;
	classes = {
	};
	objectVersion = 50;
	objects = {

/* Begin PBXBuildFile section */
		36CC398B344E3B983BEA5FE7 /* Pods_dev_for_reddit.framework in Frameworks */ = {isa = PBXBuildFile; fileRef = 3CE98243194335600D7AFD8B /* Pods_dev_for_reddit.framework */; };
		9708064B24EEFE0A006BEED2 /* PostCell.swift in Sources */ = {isa = PBXBuildFile; fileRef = 9708064924EEFE0A006BEED2 /* PostCell.swift */; };
		9708064C24EEFE0A006BEED2 /* PostCell.xib in Resources */ = {isa = PBXBuildFile; fileRef = 9708064A24EEFE0A006BEED2 /* PostCell.xib */; };
		9736088024D89D4B006FAE86 /* WebKit.framework in Frameworks */ = {isa = PBXBuildFile; fileRef = 9736087F24D89D4B006FAE86 /* WebKit.framework */; };
		976D87DB24E0B4CC009A8F6A /* SharedMethods.swift in Sources */ = {isa = PBXBuildFile; fileRef = 976D87DA24E0B4CC009A8F6A /* SharedMethods.swift */; };
		976D87DF24E0C242009A8F6A /* env demo.plist in Resources */ = {isa = PBXBuildFile; fileRef = 976D87DE24E0C242009A8F6A /* env demo.plist */; };
		9778091B24EC671D000B3A94 /* PostData.swift in Sources */ = {isa = PBXBuildFile; fileRef = 9778091A24EC671D000B3A94 /* PostData.swift */; };
		9778091D24EC6A2E000B3A94 /* PostModel.swift in Sources */ = {isa = PBXBuildFile; fileRef = 9778091C24EC6A2E000B3A94 /* PostModel.swift */; };
		9794A02424D84CAA00C3F21C /* AppDelegate.swift in Sources */ = {isa = PBXBuildFile; fileRef = 9794A02324D84CAA00C3F21C /* AppDelegate.swift */; };
		9794A02624D84CAA00C3F21C /* SceneDelegate.swift in Sources */ = {isa = PBXBuildFile; fileRef = 9794A02524D84CAA00C3F21C /* SceneDelegate.swift */; };
		9794A02824D84CAA00C3F21C /* LoginViewController.swift in Sources */ = {isa = PBXBuildFile; fileRef = 9794A02724D84CAA00C3F21C /* LoginViewController.swift */; };
		9794A02B24D84CAA00C3F21C /* Main.storyboard in Resources */ = {isa = PBXBuildFile; fileRef = 9794A02924D84CAA00C3F21C /* Main.storyboard */; };
		9794A02D24D84CAB00C3F21C /* Assets.xcassets in Resources */ = {isa = PBXBuildFile; fileRef = 9794A02C24D84CAB00C3F21C /* Assets.xcassets */; };
		9794A03024D84CAB00C3F21C /* LaunchScreen.storyboard in Resources */ = {isa = PBXBuildFile; fileRef = 9794A02E24D84CAB00C3F21C /* LaunchScreen.storyboard */; };
		9794EE6224D9EFD2008E0EBF /* OAuthManager.swift in Sources */ = {isa = PBXBuildFile; fileRef = 9794EE6124D9EFD2008E0EBF /* OAuthManager.swift */; };
		9794EE6524D9F0CE008E0EBF /* Constants.swift in Sources */ = {isa = PBXBuildFile; fileRef = 9794EE6424D9F0CE008E0EBF /* Constants.swift */; };
		9794EE6724DA11B9008E0EBF /* AccessTokenData.swift in Sources */ = {isa = PBXBuildFile; fileRef = 9794EE6624DA11B9008E0EBF /* AccessTokenData.swift */; };
		9794EE6B24DA139F008E0EBF /* UserData.swift in Sources */ = {isa = PBXBuildFile; fileRef = 9794EE6A24DA139F008E0EBF /* UserData.swift */; };
		9794EE6D24DA13A9008E0EBF /* UserModel.swift in Sources */ = {isa = PBXBuildFile; fileRef = 9794EE6C24DA13A9008E0EBF /* UserModel.swift */; };
		97A3CD7D24DBA94C00E8B2AE /* HomeViewController.swift in Sources */ = {isa = PBXBuildFile; fileRef = 97A3CD7C24DBA94C00E8B2AE /* HomeViewController.swift */; };
		97C5135024DA5D1E00DAB381 /* RedditManager.swift in Sources */ = {isa = PBXBuildFile; fileRef = 97C5134F24DA5D1E00DAB381 /* RedditManager.swift */; };
		97EFA66224E0CB01001672FF /* env.plist in Resources */ = {isa = PBXBuildFile; fileRef = 97EFA66124E0CB01001672FF /* env.plist */; };
/* End PBXBuildFile section */

/* Begin PBXFileReference section */
		2CA7312ED4B05B2A07287751 /* Pods-dev for reddit.release.xcconfig */ = {isa = PBXFileReference; includeInIndex = 1; lastKnownFileType = text.xcconfig; name = "Pods-dev for reddit.release.xcconfig"; path = "Target Support Files/Pods-dev for reddit/Pods-dev for reddit.release.xcconfig"; sourceTree = "<group>"; };
		3CE98243194335600D7AFD8B /* Pods_dev_for_reddit.framework */ = {isa = PBXFileReference; explicitFileType = wrapper.framework; includeInIndex = 0; path = Pods_dev_for_reddit.framework; sourceTree = BUILT_PRODUCTS_DIR; };
		4B42456C4D7B189F8C9C695F /* Pods-dev for reddit.debug.xcconfig */ = {isa = PBXFileReference; includeInIndex = 1; lastKnownFileType = text.xcconfig; name = "Pods-dev for reddit.debug.xcconfig"; path = "Target Support Files/Pods-dev for reddit/Pods-dev for reddit.debug.xcconfig"; sourceTree = "<group>"; };
		9708064924EEFE0A006BEED2 /* PostCell.swift */ = {isa = PBXFileReference; lastKnownFileType = sourcecode.swift; path = PostCell.swift; sourceTree = "<group>"; };
		9708064A24EEFE0A006BEED2 /* PostCell.xib */ = {isa = PBXFileReference; lastKnownFileType = file.xib; path = PostCell.xib; sourceTree = "<group>"; };
		9736087F24D89D4B006FAE86 /* WebKit.framework */ = {isa = PBXFileReference; lastKnownFileType = wrapper.framework; name = WebKit.framework; path = System/Library/Frameworks/WebKit.framework; sourceTree = SDKROOT; };
		976D87DA24E0B4CC009A8F6A /* SharedMethods.swift */ = {isa = PBXFileReference; lastKnownFileType = sourcecode.swift; path = SharedMethods.swift; sourceTree = "<group>"; };
		976D87DE24E0C242009A8F6A /* env demo.plist */ = {isa = PBXFileReference; lastKnownFileType = text.plist.xml; path = "env demo.plist"; sourceTree = "<group>"; };
		9778091A24EC671D000B3A94 /* PostData.swift */ = {isa = PBXFileReference; lastKnownFileType = sourcecode.swift; path = PostData.swift; sourceTree = "<group>"; };
		9778091C24EC6A2E000B3A94 /* PostModel.swift */ = {isa = PBXFileReference; lastKnownFileType = sourcecode.swift; path = PostModel.swift; sourceTree = "<group>"; };
		9794A02024D84CAA00C3F21C /* dev for reddit.app */ = {isa = PBXFileReference; explicitFileType = wrapper.application; includeInIndex = 0; path = "dev for reddit.app"; sourceTree = BUILT_PRODUCTS_DIR; };
		9794A02324D84CAA00C3F21C /* AppDelegate.swift */ = {isa = PBXFileReference; lastKnownFileType = sourcecode.swift; path = AppDelegate.swift; sourceTree = "<group>"; };
		9794A02524D84CAA00C3F21C /* SceneDelegate.swift */ = {isa = PBXFileReference; lastKnownFileType = sourcecode.swift; path = SceneDelegate.swift; sourceTree = "<group>"; };
		9794A02724D84CAA00C3F21C /* LoginViewController.swift */ = {isa = PBXFileReference; lastKnownFileType = sourcecode.swift; path = LoginViewController.swift; sourceTree = "<group>"; };
		9794A02A24D84CAA00C3F21C /* Base */ = {isa = PBXFileReference; lastKnownFileType = file.storyboard; name = Base; path = Base.lproj/Main.storyboard; sourceTree = "<group>"; };
		9794A02C24D84CAB00C3F21C /* Assets.xcassets */ = {isa = PBXFileReference; lastKnownFileType = folder.assetcatalog; path = Assets.xcassets; sourceTree = "<group>"; };
		9794A02F24D84CAB00C3F21C /* Base */ = {isa = PBXFileReference; lastKnownFileType = file.storyboard; name = Base; path = Base.lproj/LaunchScreen.storyboard; sourceTree = "<group>"; };
		9794A03124D84CAB00C3F21C /* Info.plist */ = {isa = PBXFileReference; lastKnownFileType = text.plist.xml; path = Info.plist; sourceTree = "<group>"; };
		9794EE6124D9EFD2008E0EBF /* OAuthManager.swift */ = {isa = PBXFileReference; lastKnownFileType = sourcecode.swift; path = OAuthManager.swift; sourceTree = "<group>"; };
		9794EE6424D9F0CE008E0EBF /* Constants.swift */ = {isa = PBXFileReference; lastKnownFileType = sourcecode.swift; path = Constants.swift; sourceTree = "<group>"; };
		9794EE6624DA11B9008E0EBF /* AccessTokenData.swift */ = {isa = PBXFileReference; lastKnownFileType = sourcecode.swift; path = AccessTokenData.swift; sourceTree = "<group>"; };
		9794EE6A24DA139F008E0EBF /* UserData.swift */ = {isa = PBXFileReference; lastKnownFileType = sourcecode.swift; path = UserData.swift; sourceTree = "<group>"; };
		9794EE6C24DA13A9008E0EBF /* UserModel.swift */ = {isa = PBXFileReference; lastKnownFileType = sourcecode.swift; path = UserModel.swift; sourceTree = "<group>"; };
		97A3CD7C24DBA94C00E8B2AE /* HomeViewController.swift */ = {isa = PBXFileReference; lastKnownFileType = sourcecode.swift; path = HomeViewController.swift; sourceTree = "<group>"; };
		97BD435324D9EBEC002B2299 /* README.md */ = {isa = PBXFileReference; lastKnownFileType = net.daringfireball.markdown; path = README.md; sourceTree = "<group>"; };
		97C5134F24DA5D1E00DAB381 /* RedditManager.swift */ = {isa = PBXFileReference; lastKnownFileType = sourcecode.swift; path = RedditManager.swift; sourceTree = "<group>"; };
		97EFA66124E0CB01001672FF /* env.plist */ = {isa = PBXFileReference; lastKnownFileType = text.plist.xml; path = env.plist; sourceTree = "<group>"; };
/* End PBXFileReference section */

/* Begin PBXFrameworksBuildPhase section */
		9794A01D24D84CA900C3F21C /* Frameworks */ = {
			isa = PBXFrameworksBuildPhase;
			buildActionMask = 2147483647;
			files = (
				9736088024D89D4B006FAE86 /* WebKit.framework in Frameworks */,
				36CC398B344E3B983BEA5FE7 /* Pods_dev_for_reddit.framework in Frameworks */,
			);
			runOnlyForDeploymentPostprocessing = 0;
		};
/* End PBXFrameworksBuildPhase section */

/* Begin PBXGroup section */
		9736087E24D89D4B006FAE86 /* Frameworks */ = {
			isa = PBXGroup;
			children = (
				9736087F24D89D4B006FAE86 /* WebKit.framework */,
				3CE98243194335600D7AFD8B /* Pods_dev_for_reddit.framework */,
			);
			name = Frameworks;
			sourceTree = "<group>";
		};
		9794A01724D84CA900C3F21C = {
			isa = PBXGroup;
			children = (
				97BD435324D9EBEC002B2299 /* README.md */,
				9794A02224D84CAA00C3F21C /* dev for reddit */,
				9794A02124D84CAA00C3F21C /* Products */,
				9736087E24D89D4B006FAE86 /* Frameworks */,
				C8D5254876422D7F9A520727 /* Pods */,
			);
			sourceTree = "<group>";
		};
		9794A02124D84CAA00C3F21C /* Products */ = {
			isa = PBXGroup;
			children = (
				9794A02024D84CAA00C3F21C /* dev for reddit.app */,
			);
			name = Products;
			sourceTree = "<group>";
		};
		9794A02224D84CAA00C3F21C /* dev for reddit */ = {
			isa = PBXGroup;
			children = (
				9794A02324D84CAA00C3F21C /* AppDelegate.swift */,
				9794A02524D84CAA00C3F21C /* SceneDelegate.swift */,
				9794EE5E24D9EF37008E0EBF /* Model */,
				9794EE6024D9EF52008E0EBF /* View */,
				9794EE5F24D9EF44008E0EBF /* Controller */,
				9794EE6324D9F0B2008E0EBF /* Utils */,
				9794A02C24D84CAB00C3F21C /* Assets.xcassets */,
				9794A02E24D84CAB00C3F21C /* LaunchScreen.storyboard */,
				9794A03124D84CAB00C3F21C /* Info.plist */,
				976D87DE24E0C242009A8F6A /* env demo.plist */,
				97EFA66124E0CB01001672FF /* env.plist */,
			);
			path = "dev for reddit";
			sourceTree = "<group>";
		};
		9794EE5E24D9EF37008E0EBF /* Model */ = {
			isa = PBXGroup;
			children = (
				9794EE6124D9EFD2008E0EBF /* OAuthManager.swift */,
				97C5134F24DA5D1E00DAB381 /* RedditManager.swift */,
				9794EE6624DA11B9008E0EBF /* AccessTokenData.swift */,
				9794EE6A24DA139F008E0EBF /* UserData.swift */,
				9794EE6C24DA13A9008E0EBF /* UserModel.swift */,
				9778091A24EC671D000B3A94 /* PostData.swift */,
				9778091C24EC6A2E000B3A94 /* PostModel.swift */,
			);
			path = Model;
			sourceTree = "<group>";
		};
		9794EE5F24D9EF44008E0EBF /* Controller */ = {
			isa = PBXGroup;
			children = (
				9794A02724D84CAA00C3F21C /* LoginViewController.swift */,
				97A3CD7C24DBA94C00E8B2AE /* HomeViewController.swift */,
			);
			path = Controller;
			sourceTree = "<group>";
		};
		9794EE6024D9EF52008E0EBF /* View */ = {
			isa = PBXGroup;
			children = (
				9794A02924D84CAA00C3F21C /* Main.storyboard */,
				9708064924EEFE0A006BEED2 /* PostCell.swift */,
				9708064A24EEFE0A006BEED2 /* PostCell.xib */,
			);
			path = View;
			sourceTree = "<group>";
		};
		9794EE6324D9F0B2008E0EBF /* Utils */ = {
			isa = PBXGroup;
			children = (
				9794EE6424D9F0CE008E0EBF /* Constants.swift */,
				976D87DA24E0B4CC009A8F6A /* SharedMethods.swift */,
			);
			path = Utils;
			sourceTree = "<group>";
		};
		C8D5254876422D7F9A520727 /* Pods */ = {
			isa = PBXGroup;
			children = (
				4B42456C4D7B189F8C9C695F /* Pods-dev for reddit.debug.xcconfig */,
				2CA7312ED4B05B2A07287751 /* Pods-dev for reddit.release.xcconfig */,
			);
			path = Pods;
			sourceTree = "<group>";
		};
/* End PBXGroup section */

/* Begin PBXNativeTarget section */
		9794A01F24D84CA900C3F21C /* dev for reddit */ = {
			isa = PBXNativeTarget;
			buildConfigurationList = 9794A03424D84CAB00C3F21C /* Build configuration list for PBXNativeTarget "dev for reddit" */;
			buildPhases = (
				1E3161941BD01A23BC7FBAAD /* [CP] Check Pods Manifest.lock */,
				9794A01C24D84CA900C3F21C /* Sources */,
				9794A01D24D84CA900C3F21C /* Frameworks */,
				9794A01E24D84CA900C3F21C /* Resources */,
				97BBCC0924D9D302000B81DC /* Swiftlint */,
			);
			buildRules = (
			);
			dependencies = (
			);
			name = "dev for reddit";
			productName = "dev for reddit";
			productReference = 9794A02024D84CAA00C3F21C /* dev for reddit.app */;
			productType = "com.apple.product-type.application";
		};
/* End PBXNativeTarget section */

/* Begin PBXProject section */
		9794A01824D84CA900C3F21C /* Project object */ = {
			isa = PBXProject;
			attributes = {
				LastSwiftUpdateCheck = 1160;
				LastUpgradeCheck = 1160;
				ORGANIZATIONNAME = slingercode;
				TargetAttributes = {
					9794A01F24D84CA900C3F21C = {
						CreatedOnToolsVersion = 11.6;
					};
				};
			};
			buildConfigurationList = 9794A01B24D84CA900C3F21C /* Build configuration list for PBXProject "dev for reddit" */;
			compatibilityVersion = "Xcode 9.3";
			developmentRegion = en;
			hasScannedForEncodings = 0;
			knownRegions = (
				en,
				Base,
			);
			mainGroup = 9794A01724D84CA900C3F21C;
			productRefGroup = 9794A02124D84CAA00C3F21C /* Products */;
			projectDirPath = "";
			projectRoot = "";
			targets = (
				9794A01F24D84CA900C3F21C /* dev for reddit */,
			);
		};
/* End PBXProject section */

/* Begin PBXResourcesBuildPhase section */
		9794A01E24D84CA900C3F21C /* Resources */ = {
			isa = PBXResourcesBuildPhase;
			buildActionMask = 2147483647;
			files = (
				9794A03024D84CAB00C3F21C /* LaunchScreen.storyboard in Resources */,
				9708064C24EEFE0A006BEED2 /* PostCell.xib in Resources */,
				9794A02D24D84CAB00C3F21C /* Assets.xcassets in Resources */,
				9794A02B24D84CAA00C3F21C /* Main.storyboard in Resources */,
				97EFA66224E0CB01001672FF /* env.plist in Resources */,
				976D87DF24E0C242009A8F6A /* env demo.plist in Resources */,
			);
			runOnlyForDeploymentPostprocessing = 0;
		};
/* End PBXResourcesBuildPhase section */

/* Begin PBXShellScriptBuildPhase section */
		1E3161941BD01A23BC7FBAAD /* [CP] Check Pods Manifest.lock */ = {
			isa = PBXShellScriptBuildPhase;
			buildActionMask = 2147483647;
			files = (
			);
			inputFileListPaths = (
			);
			inputPaths = (
				"${PODS_PODFILE_DIR_PATH}/Podfile.lock",
				"${PODS_ROOT}/Manifest.lock",
			);
			name = "[CP] Check Pods Manifest.lock";
			outputFileListPaths = (
			);
			outputPaths = (
				"$(DERIVED_FILE_DIR)/Pods-dev for reddit-checkManifestLockResult.txt",
			);
			runOnlyForDeploymentPostprocessing = 0;
			shellPath = /bin/sh;
			shellScript = "diff \"${PODS_PODFILE_DIR_PATH}/Podfile.lock\" \"${PODS_ROOT}/Manifest.lock\" > /dev/null\nif [ $? != 0 ] ; then\n    # print error to STDERR\n    echo \"error: The sandbox is not in sync with the Podfile.lock. Run 'pod install' or update your CocoaPods installation.\" >&2\n    exit 1\nfi\n# This output is used by Xcode 'outputs' to avoid re-running this script phase.\necho \"SUCCESS\" > \"${SCRIPT_OUTPUT_FILE_0}\"\n";
			showEnvVarsInLog = 0;
		};
		97BBCC0924D9D302000B81DC /* Swiftlint */ = {
			isa = PBXShellScriptBuildPhase;
			buildActionMask = 2147483647;
			files = (
			);
			inputFileListPaths = (
			);
			inputPaths = (
			);
			name = Swiftlint;
			outputFileListPaths = (
			);
			outputPaths = (
			);
			runOnlyForDeploymentPostprocessing = 0;
			shellPath = /bin/sh;
			shellScript = "# Type a script or drag a script file from your workspace to insert its path.\n\"${PODS_ROOT}/SwiftLint/swiftlint\"\n";
		};
/* End PBXShellScriptBuildPhase section */

/* Begin PBXSourcesBuildPhase section */
		9794A01C24D84CA900C3F21C /* Sources */ = {
			isa = PBXSourcesBuildPhase;
			buildActionMask = 2147483647;
			files = (
				976D87DB24E0B4CC009A8F6A /* SharedMethods.swift in Sources */,
				9778091B24EC671D000B3A94 /* PostData.swift in Sources */,
				9794EE6524D9F0CE008E0EBF /* Constants.swift in Sources */,
				97C5135024DA5D1E00DAB381 /* RedditManager.swift in Sources */,
				9794EE6D24DA13A9008E0EBF /* UserModel.swift in Sources */,
				9778091D24EC6A2E000B3A94 /* PostModel.swift in Sources */,
				97A3CD7D24DBA94C00E8B2AE /* HomeViewController.swift in Sources */,
				9708064B24EEFE0A006BEED2 /* PostCell.swift in Sources */,
				9794A02824D84CAA00C3F21C /* LoginViewController.swift in Sources */,
				9794EE6B24DA139F008E0EBF /* UserData.swift in Sources */,
				9794EE6224D9EFD2008E0EBF /* OAuthManager.swift in Sources */,
				9794A02424D84CAA00C3F21C /* AppDelegate.swift in Sources */,
				9794A02624D84CAA00C3F21C /* SceneDelegate.swift in Sources */,
				9794EE6724DA11B9008E0EBF /* AccessTokenData.swift in Sources */,
			);
			runOnlyForDeploymentPostprocessing = 0;
		};
/* End PBXSourcesBuildPhase section */

/* Begin PBXVariantGroup section */
		9794A02924D84CAA00C3F21C /* Main.storyboard */ = {
			isa = PBXVariantGroup;
			children = (
				9794A02A24D84CAA00C3F21C /* Base */,
			);
			name = Main.storyboard;
			sourceTree = "<group>";
		};
		9794A02E24D84CAB00C3F21C /* LaunchScreen.storyboard */ = {
			isa = PBXVariantGroup;
			children = (
				9794A02F24D84CAB00C3F21C /* Base */,
			);
			name = LaunchScreen.storyboard;
			sourceTree = "<group>";
		};
/* End PBXVariantGroup section */

/* Begin XCBuildConfiguration section */
		9794A03224D84CAB00C3F21C /* Debug */ = {
			isa = XCBuildConfiguration;
			buildSettings = {
				ALWAYS_SEARCH_USER_PATHS = NO;
				CLANG_ANALYZER_NONNULL = YES;
				CLANG_ANALYZER_NUMBER_OBJECT_CONVERSION = YES_AGGRESSIVE;
				CLANG_CXX_LANGUAGE_STANDARD = "gnu++14";
				CLANG_CXX_LIBRARY = "libc++";
				CLANG_ENABLE_MODULES = YES;
				CLANG_ENABLE_OBJC_ARC = YES;
				CLANG_ENABLE_OBJC_WEAK = YES;
				CLANG_WARN_BLOCK_CAPTURE_AUTORELEASING = YES;
				CLANG_WARN_BOOL_CONVERSION = YES;
				CLANG_WARN_COMMA = YES;
				CLANG_WARN_CONSTANT_CONVERSION = YES;
				CLANG_WARN_DEPRECATED_OBJC_IMPLEMENTATIONS = YES;
				CLANG_WARN_DIRECT_OBJC_ISA_USAGE = YES_ERROR;
				CLANG_WARN_DOCUMENTATION_COMMENTS = YES;
				CLANG_WARN_EMPTY_BODY = YES;
				CLANG_WARN_ENUM_CONVERSION = YES;
				CLANG_WARN_INFINITE_RECURSION = YES;
				CLANG_WARN_INT_CONVERSION = YES;
				CLANG_WARN_NON_LITERAL_NULL_CONVERSION = YES;
				CLANG_WARN_OBJC_IMPLICIT_RETAIN_SELF = YES;
				CLANG_WARN_OBJC_LITERAL_CONVERSION = YES;
				CLANG_WARN_OBJC_ROOT_CLASS = YES_ERROR;
				CLANG_WARN_RANGE_LOOP_ANALYSIS = YES;
				CLANG_WARN_STRICT_PROTOTYPES = YES;
				CLANG_WARN_SUSPICIOUS_MOVE = YES;
				CLANG_WARN_UNGUARDED_AVAILABILITY = YES_AGGRESSIVE;
				CLANG_WARN_UNREACHABLE_CODE = YES;
				CLANG_WARN__DUPLICATE_METHOD_MATCH = YES;
				COPY_PHASE_STRIP = NO;
				DEBUG_INFORMATION_FORMAT = dwarf;
				ENABLE_STRICT_OBJC_MSGSEND = YES;
				ENABLE_TESTABILITY = YES;
				GCC_C_LANGUAGE_STANDARD = gnu11;
				GCC_DYNAMIC_NO_PIC = NO;
				GCC_NO_COMMON_BLOCKS = YES;
				GCC_OPTIMIZATION_LEVEL = 0;
				GCC_PREPROCESSOR_DEFINITIONS = (
					"DEBUG=1",
					"$(inherited)",
				);
				GCC_WARN_64_TO_32_BIT_CONVERSION = YES;
				GCC_WARN_ABOUT_RETURN_TYPE = YES_ERROR;
				GCC_WARN_UNDECLARED_SELECTOR = YES;
				GCC_WARN_UNINITIALIZED_AUTOS = YES_AGGRESSIVE;
				GCC_WARN_UNUSED_FUNCTION = YES;
				GCC_WARN_UNUSED_VARIABLE = YES;
				IPHONEOS_DEPLOYMENT_TARGET = 13.6;
				MTL_ENABLE_DEBUG_INFO = INCLUDE_SOURCE;
				MTL_FAST_MATH = YES;
				ONLY_ACTIVE_ARCH = YES;
				SDKROOT = iphoneos;
				SWIFT_ACTIVE_COMPILATION_CONDITIONS = DEBUG;
				SWIFT_OPTIMIZATION_LEVEL = "-Onone";
			};
			name = Debug;
		};
		9794A03324D84CAB00C3F21C /* Release */ = {
			isa = XCBuildConfiguration;
			buildSettings = {
				ALWAYS_SEARCH_USER_PATHS = NO;
				CLANG_ANALYZER_NONNULL = YES;
				CLANG_ANALYZER_NUMBER_OBJECT_CONVERSION = YES_AGGRESSIVE;
				CLANG_CXX_LANGUAGE_STANDARD = "gnu++14";
				CLANG_CXX_LIBRARY = "libc++";
				CLANG_ENABLE_MODULES = YES;
				CLANG_ENABLE_OBJC_ARC = YES;
				CLANG_ENABLE_OBJC_WEAK = YES;
				CLANG_WARN_BLOCK_CAPTURE_AUTORELEASING = YES;
				CLANG_WARN_BOOL_CONVERSION = YES;
				CLANG_WARN_COMMA = YES;
				CLANG_WARN_CONSTANT_CONVERSION = YES;
				CLANG_WARN_DEPRECATED_OBJC_IMPLEMENTATIONS = YES;
				CLANG_WARN_DIRECT_OBJC_ISA_USAGE = YES_ERROR;
				CLANG_WARN_DOCUMENTATION_COMMENTS = YES;
				CLANG_WARN_EMPTY_BODY = YES;
				CLANG_WARN_ENUM_CONVERSION = YES;
				CLANG_WARN_INFINITE_RECURSION = YES;
				CLANG_WARN_INT_CONVERSION = YES;
				CLANG_WARN_NON_LITERAL_NULL_CONVERSION = YES;
				CLANG_WARN_OBJC_IMPLICIT_RETAIN_SELF = YES;
				CLANG_WARN_OBJC_LITERAL_CONVERSION = YES;
				CLANG_WARN_OBJC_ROOT_CLASS = YES_ERROR;
				CLANG_WARN_RANGE_LOOP_ANALYSIS = YES;
				CLANG_WARN_STRICT_PROTOTYPES = YES;
				CLANG_WARN_SUSPICIOUS_MOVE = YES;
				CLANG_WARN_UNGUARDED_AVAILABILITY = YES_AGGRESSIVE;
				CLANG_WARN_UNREACHABLE_CODE = YES;
				CLANG_WARN__DUPLICATE_METHOD_MATCH = YES;
				COPY_PHASE_STRIP = NO;
				DEBUG_INFORMATION_FORMAT = "dwarf-with-dsym";
				ENABLE_NS_ASSERTIONS = NO;
				ENABLE_STRICT_OBJC_MSGSEND = YES;
				GCC_C_LANGUAGE_STANDARD = gnu11;
				GCC_NO_COMMON_BLOCKS = YES;
				GCC_WARN_64_TO_32_BIT_CONVERSION = YES;
				GCC_WARN_ABOUT_RETURN_TYPE = YES_ERROR;
				GCC_WARN_UNDECLARED_SELECTOR = YES;
				GCC_WARN_UNINITIALIZED_AUTOS = YES_AGGRESSIVE;
				GCC_WARN_UNUSED_FUNCTION = YES;
				GCC_WARN_UNUSED_VARIABLE = YES;
				IPHONEOS_DEPLOYMENT_TARGET = 13.6;
				MTL_ENABLE_DEBUG_INFO = NO;
				MTL_FAST_MATH = YES;
				SDKROOT = iphoneos;
				SWIFT_COMPILATION_MODE = wholemodule;
				SWIFT_OPTIMIZATION_LEVEL = "-O";
				VALIDATE_PRODUCT = YES;
			};
			name = Release;
		};
		9794A03524D84CAB00C3F21C /* Debug */ = {
			isa = XCBuildConfiguration;
			baseConfigurationReference = 4B42456C4D7B189F8C9C695F /* Pods-dev for reddit.debug.xcconfig */;
			buildSettings = {
				ASSETCATALOG_COMPILER_APPICON_NAME = AppIcon;
				CODE_SIGN_STYLE = Automatic;
				DEVELOPMENT_TEAM = CL5AQRTCZW;
				INFOPLIST_FILE = "dev for reddit/Info.plist";
				LD_RUNPATH_SEARCH_PATHS = (
					"$(inherited)",
					"@executable_path/Frameworks",
				);
				PRODUCT_BUNDLE_IDENTIFIER = "com.slingercode.dev-for-reddit";
				PRODUCT_NAME = "$(TARGET_NAME)";
				SWIFT_VERSION = 5.0;
				TARGETED_DEVICE_FAMILY = "1,2";
			};
			name = Debug;
		};
		9794A03624D84CAB00C3F21C /* Release */ = {
			isa = XCBuildConfiguration;
			baseConfigurationReference = 2CA7312ED4B05B2A07287751 /* Pods-dev for reddit.release.xcconfig */;
			buildSettings = {
				ASSETCATALOG_COMPILER_APPICON_NAME = AppIcon;
				CODE_SIGN_STYLE = Automatic;
				DEVELOPMENT_TEAM = CL5AQRTCZW;
				INFOPLIST_FILE = "dev for reddit/Info.plist";
				LD_RUNPATH_SEARCH_PATHS = (
					"$(inherited)",
					"@executable_path/Frameworks",
				);
				PRODUCT_BUNDLE_IDENTIFIER = "com.slingercode.dev-for-reddit";
				PRODUCT_NAME = "$(TARGET_NAME)";
				SWIFT_VERSION = 5.0;
				TARGETED_DEVICE_FAMILY = "1,2";
			};
			name = Release;
		};
/* End XCBuildConfiguration section */

/* Begin XCConfigurationList section */
		9794A01B24D84CA900C3F21C /* Build configuration list for PBXProject "dev for reddit" */ = {
			isa = XCConfigurationList;
			buildConfigurations = (
				9794A03224D84CAB00C3F21C /* Debug */,
				9794A03324D84CAB00C3F21C /* Release */,
			);
			defaultConfigurationIsVisible = 0;
			defaultConfigurationName = Release;
		};
		9794A03424D84CAB00C3F21C /* Build configuration list for PBXNativeTarget "dev for reddit" */ = {
			isa = XCConfigurationList;
			buildConfigurations = (
				9794A03524D84CAB00C3F21C /* Debug */,
				9794A03624D84CAB00C3F21C /* Release */,
			);
			defaultConfigurationIsVisible = 0;
			defaultConfigurationName = Release;
		};
/* End XCConfigurationList section */
	};
	rootObject = 9794A01824D84CA900C3F21C /* Project object */;
}
